
Microsoft Visual Studio Solution File, Format Version 12.00
# Visual Studio Version 17
VisualStudioVersion = 17.3.32929.385
MinimumVisualStudioVersion = 10.0.40219.1
Project("{FAE04EC0-301F-11D3-BF4B-00C04F79EFBC}") = "IAM.Presentaion", "IAM.Presentaion\IAM.Presentaion.csproj", "{39C164AF-1D0B-4378-8948-D4211F2D1E06}"
EndProject
Global
	GlobalSection(SolutionConfigurationPlatforms) = preSolution
		Debug|Any CPU = Debug|Any CPU
		Release|Any CPU = Release|Any CPU
	EndGlobalSection
	GlobalSection(ProjectConfigurationPlatforms) = postSolution
		{39C164AF-1D0B-4378-8948-D4211F2D1E06}.Debug|Any CPU.ActiveCfg = Debug|Any CPU
		{39C164AF-1D0B-4378-8948-D4211F2D1E06}.Debug|Any CPU.Build.0 = Debug|Any CPU
		{39C164AF-1D0B-4378-8948-D4211F2D1E06}.Release|Any CPU.ActiveCfg = Release|Any CPU
		{39C164AF-1D0B-4378-8948-D4211F2D1E06}.Release|Any CPU.Build.0 = Release|Any CPU
	EndGlobalSection
	GlobalSection(SolutionProperties) = preSolution
		HideSolutionNode = FALSE
	EndGlobalSection
	GlobalSection(ExtensibilityGlobals) = postSolution
		SolutionGuid = {8B10AD3D-0EED-4940-AFA7-D007E015980A}
	EndGlobalSection
EndGlobal
